Microsoft Visual Studio Solution File, Format Version 11.00
# Visual Studio 2008

Project("{CBA8B8FF-1E15-8BE9-9551-6762F7F013AD}") = "platformer_spec", "Assembly-CSharp-firstpass.csproj", "{B323EBD8-17AA-0BE4-6626-93E1566E49F7}"
EndProject
Project("{CBA8B8FF-1E15-8BE9-9551-6762F7F013AD}") = "platformer_spec", "Assembly-CSharp.csproj", "{07BF42CF-18EF-5137-B4D9-2694940A0FF9}"
EndProject
Project("{CBA8B8FF-1E15-8BE9-9551-6762F7F013AD}") = "platformer_spec", "Assembly-CSharp-Editor.csproj", "{4A96C210-C63B-5042-3061-69A4145DFD26}"
EndProject
Global
	GlobalSection(SolutionConfigurationPlatforms) = preSolution
		Debug|Any CPU = Debug|Any CPU
		Release|Any CPU = Release|Any CPU
	EndGlobalSection
	GlobalSection(ProjectConfigurationPlatforms) = postSolution
		{B323EBD8-17AA-0BE4-6626-93E1566E49F7}.Debug|Any CPU.ActiveCfg = Debug|Any CPU
		{B323EBD8-17AA-0BE4-6626-93E1566E49F7}.Debug|Any CPU.Build.0 = Debug|Any CPU
		{B323EBD8-17AA-0BE4-6626-93E1566E49F7}.Release|Any CPU.ActiveCfg = Release|Any CPU
		{B323EBD8-17AA-0BE4-6626-93E1566E49F7}.Release|Any CPU.Build.0 = Release|Any CPU
		{07BF42CF-18EF-5137-B4D9-2694940A0FF9}.Debug|Any CPU.ActiveCfg = Debug|Any CPU
		{07BF42CF-18EF-5137-B4D9-2694940A0FF9}.Debug|Any CPU.Build.0 = Debug|Any CPU
		{07BF42CF-18EF-5137-B4D9-2694940A0FF9}.Release|Any CPU.ActiveCfg = Release|Any CPU
		{07BF42CF-18EF-5137-B4D9-2694940A0FF9}.Release|Any CPU.Build.0 = Release|Any CPU
		{4A96C210-C63B-5042-3061-69A4145DFD26}.Debug|Any CPU.ActiveCfg = Debug|Any CPU
		{4A96C210-C63B-5042-3061-69A4145DFD26}.Debug|Any CPU.Build.0 = Debug|Any CPU
		{4A96C210-C63B-5042-3061-69A4145DFD26}.Release|Any CPU.ActiveCfg = Release|Any CPU
		{4A96C210-C63B-5042-3061-69A4145DFD26}.Release|Any CPU.Build.0 = Release|Any CPU
	EndGlobalSection
	GlobalSection(SolutionProperties) = preSolution
		HideSolutionNode = FALSE
	EndGlobalSection
	GlobalSection(MonoDevelopProperties) = preSolution
		StartupItem = Assembly-CSharp.csproj
	EndGlobalSection
EndGlobal
